<?xml version="1.0" encoding="utf-8"?>
<Project ToolsVersion="Current" xmlns="http://schemas.microsoft.com/developer/msbuild/2003">
  <ItemGroup>
    <Filter Include="Source">
      <UniqueIdentifier>{d8e3fb57-64e3-4051-8302-acc1e0f2be9b}</UniqueIdentifier>
    </Filter>
    <Filter Include="Source\Core">
      <UniqueIdentifier>{4c1e650e-d441-40d5-acfd-2b014c07f4d2}</UniqueIdentifier>
    </Filter>
    <Filter Include="Source\Window">
      <UniqueIdentifier>{dcdfb455-70cd-470e-8bb0-4c7e68df711f}</UniqueIdentifier>
    </Filter>
    <Filter Include="Source\EventSystem">
      <UniqueIdentifier>{5af696d6-3885-4e55-b25d-05f08bdfd290}</UniqueIdentifier>
    </Filter>
  </ItemGroup>
  <ItemGroup>
    <ClCompile Include="src\Core\AppInit.cpp">
      <Filter>Source\Core</Filter>
    </ClCompile>
    <ClCompile Include="src\main.cpp">
      <Filter>Source</Filter>
    </ClCompile>
    <ClCompile Include="src\Window\WindowMode.cpp">
      <Filter>Source\Window</Filter>
    </ClCompile>
    <ClCompile Include="src\Window\Window.cpp">
      <Filter>Source\Window</Filter>
    </ClCompile>
    <ClCompile Include="src\EventSystem\EventController.cpp">
      <Filter>Source\EventSystem</Filter>
    </ClCompile>
    <ClCompile Include="src\EventSystem\PollEvent.cpp">
      <Filter>Source\EventSystem</Filter>
    </ClCompile>
    <ClCompile Include="src\EventSystem\Event.cpp">
      <Filter>Source\EventSystem</Filter>
    </ClCompile>
  </ItemGroup>
  <ItemGroup>
    <ClInclude Include="src\Core\AppInit.hpp">
      <Filter>Source\Core</Filter>
    </ClInclude>
    <ClInclude Include="src\Core\GL.hpp">
      <Filter>Source\Core</Filter>
    </ClInclude>
    <ClInclude Include="src\Window\WindowMode.hpp">
      <Filter>Source\Window</Filter>
    </ClInclude>
    <ClInclude Include="src\Window\Window.hpp">
      <Filter>Source\Window</Filter>
    </ClInclude>
    <ClInclude Include="src\EventSystem\EventController.hpp">
      <Filter>Source\EventSystem</Filter>
    </ClInclude>
    <ClInclude Include="src\EventSystem\PollEvent.hpp">
      <Filter>Source\EventSystem</Filter>
    </ClInclude>
    <ClInclude Include="src\EventSystem\Event.hpp">
      <Filter>Source\EventSystem</Filter>
    </ClInclude>
  </ItemGroup>
</Project>